
Microsoft Visual Studio Solution File, Format Version 12.00
# Visual Studio Version 17
VisualStudioVersion = 17.7.34024.191
MinimumVisualStudioVersion = 10.0.40219.1
Project("{FAE04EC0-301F-11D3-BF4B-00C04F79EFBC}") = "classes1", "classes1\classes1.csproj", "{C26C8A3F-A805-47DA-B525-1B6011827B60}"
EndProject
Global
	GlobalSection(SolutionConfigurationPlatforms) = preSolution
		Debug|Any CPU = Debug|Any CPU
		Release|Any CPU = Release|Any CPU
	EndGlobalSection
	GlobalSection(ProjectConfigurationPlatforms) = postSolution
		{C26C8A3F-A805-47DA-B525-1B6011827B60}.Debug|Any CPU.ActiveCfg = Debug|Any CPU
		{C26C8A3F-A805-47DA-B525-1B6011827B60}.Debug|Any CPU.Build.0 = Debug|Any CPU
		{C26C8A3F-A805-47DA-B525-1B6011827B60}.Release|Any CPU.ActiveCfg = Release|Any CPU
		{C26C8A3F-A805-47DA-B525-1B6011827B60}.Release|Any CPU.Build.0 = Release|Any CPU
	EndGlobalSection
	GlobalSection(SolutionProperties) = preSolution
		HideSolutionNode = FALSE
	EndGlobalSection
	GlobalSection(ExtensibilityGlobals) = postSolution
		SolutionGuid = {90157E7D-773D-47AF-BA4A-B51656758F06}
	EndGlobalSection
EndGlobal
