
Microsoft Visual Studio Solution File, Format Version 12.00
# Visual Studio Version 17
VisualStudioVersion = 17.13.35828.75 d17.13
MinimumVisualStudioVersion = 10.0.40219.1
Project("{FAE04EC0-301F-11D3-BF4B-00C04F79EFBC}") = "framework 7. q", "framework 7. q\framework 7. q.csproj", "{22A4669D-5EC8-42FD-9868-5B7E48974FEB}"
EndProject
Global
	GlobalSection(SolutionConfigurationPlatforms) = preSolution
		Debug|Any CPU = Debug|Any CPU
		Release|Any CPU = Release|Any CPU
	EndGlobalSection
	GlobalSection(ProjectConfigurationPlatforms) = postSolution
		{22A4669D-5EC8-42FD-9868-5B7E48974FEB}.Debug|Any CPU.ActiveCfg = Debug|Any CPU
		{22A4669D-5EC8-42FD-9868-5B7E48974FEB}.Debug|Any CPU.Build.0 = Debug|Any CPU
		{22A4669D-5EC8-42FD-9868-5B7E48974FEB}.Release|Any CPU.ActiveCfg = Release|Any CPU
		{22A4669D-5EC8-42FD-9868-5B7E48974FEB}.Release|Any CPU.Build.0 = Release|Any CPU
	EndGlobalSection
	GlobalSection(SolutionProperties) = preSolution
		HideSolutionNode = FALSE
	EndGlobalSection
	GlobalSection(ExtensibilityGlobals) = postSolution
		SolutionGuid = {D76A5D23-C66E-4B6F-AAE2-94E73F78293F}
	EndGlobalSection
EndGlobal
