
Microsoft Visual Studio Solution File, Format Version 12.00
# Visual Studio Version 17
VisualStudioVersion = 17.7.34024.191
MinimumVisualStudioVersion = 10.0.40219.1
Project("{FAE04EC0-301F-11D3-BF4B-00C04F79EFBC}") = "graphs", "graphs\graphs.csproj", "{82D727AD-5D00-4950-B674-0ACED9892667}"
EndProject
Global
	GlobalSection(SolutionConfigurationPlatforms) = preSolution
		Debug|Any CPU = Debug|Any CPU
		Release|Any CPU = Release|Any CPU
	EndGlobalSection
	GlobalSection(ProjectConfigurationPlatforms) = postSolution
		{82D727AD-5D00-4950-B674-0ACED9892667}.Debug|Any CPU.ActiveCfg = Debug|Any CPU
		{82D727AD-5D00-4950-B674-0ACED9892667}.Debug|Any CPU.Build.0 = Debug|Any CPU
		{82D727AD-5D00-4950-B674-0ACED9892667}.Release|Any CPU.ActiveCfg = Release|Any CPU
		{82D727AD-5D00-4950-B674-0ACED9892667}.Release|Any CPU.Build.0 = Release|Any CPU
	EndGlobalSection
	GlobalSection(SolutionProperties) = preSolution
		HideSolutionNode = FALSE
	EndGlobalSection
	GlobalSection(ExtensibilityGlobals) = postSolution
		SolutionGuid = {AF247ABA-F521-47F1-92B7-83B5C1876E4D}
	EndGlobalSection
EndGlobal
