
Microsoft Visual Studio Solution File, Format Version 12.00
# Visual Studio Version 17
VisualStudioVersion = 17.9.34902.65
MinimumVisualStudioVersion = 10.0.40219.1
Project("{FAE04EC0-301F-11D3-BF4B-00C04F79EFBC}") = "Cykly", "Cykly\Cykly.csproj", "{C51EAA05-ED47-4AC7-9015-D6842ECB9998}"
EndProject
Global
	GlobalSection(SolutionConfigurationPlatforms) = preSolution
		Debug|Any CPU = Debug|Any CPU
		Release|Any CPU = Release|Any CPU
	EndGlobalSection
	GlobalSection(ProjectConfigurationPlatforms) = postSolution
		{C51EAA05-ED47-4AC7-9015-D6842ECB9998}.Debug|Any CPU.ActiveCfg = Debug|Any CPU
		{C51EAA05-ED47-4AC7-9015-D6842ECB9998}.Debug|Any CPU.Build.0 = Debug|Any CPU
		{C51EAA05-ED47-4AC7-9015-D6842ECB9998}.Release|Any CPU.ActiveCfg = Release|Any CPU
		{C51EAA05-ED47-4AC7-9015-D6842ECB9998}.Release|Any CPU.Build.0 = Release|Any CPU
	EndGlobalSection
	GlobalSection(SolutionProperties) = preSolution
		HideSolutionNode = FALSE
	EndGlobalSection
	GlobalSection(ExtensibilityGlobals) = postSolution
		SolutionGuid = {85090F79-6D6A-4593-B950-B50F7F5C2B43}
	EndGlobalSection
EndGlobal
