
Microsoft Visual Studio Solution File, Format Version 12.00
# Visual Studio Version 17
VisualStudioVersion = 17.7.34024.191
MinimumVisualStudioVersion = 10.0.40219.1
Project("{FAE04EC0-301F-11D3-BF4B-00C04F79EFBC}") = "PaintApp", "PaintApp\PaintApp.csproj", "{619DAF2E-1153-4C63-90FF-21C99D170C69}"
EndProject
Global
	GlobalSection(SolutionConfigurationPlatforms) = preSolution
		Debug|Any CPU = Debug|Any CPU
		Release|Any CPU = Release|Any CPU
	EndGlobalSection
	GlobalSection(ProjectConfigurationPlatforms) = postSolution
		{619DAF2E-1153-4C63-90FF-21C99D170C69}.Debug|Any CPU.ActiveCfg = Debug|Any CPU
		{619DAF2E-1153-4C63-90FF-21C99D170C69}.Debug|Any CPU.Build.0 = Debug|Any CPU
		{619DAF2E-1153-4C63-90FF-21C99D170C69}.Release|Any CPU.ActiveCfg = Release|Any CPU
		{619DAF2E-1153-4C63-90FF-21C99D170C69}.Release|Any CPU.Build.0 = Release|Any CPU
	EndGlobalSection
	GlobalSection(SolutionProperties) = preSolution
		HideSolutionNode = FALSE
	EndGlobalSection
	GlobalSection(ExtensibilityGlobals) = postSolution
		SolutionGuid = {A741D6CA-C064-46D8-AA54-FF34D786CE47}
	EndGlobalSection
EndGlobal
