
Microsoft Visual Studio Solution File, Format Version 12.00
# Visual Studio Version 17
VisualStudioVersion = 17.13.35828.75 d17.13
MinimumVisualStudioVersion = 10.0.40219.1
Project("{FAE04EC0-301F-11D3-BF4B-00C04F79EFBC}") = "7. otazka", "7. otazka\7. otazka.csproj", "{91A1DAB7-F57D-490A-83CA-D326A9B1E9F6}"
EndProject
Global
	GlobalSection(SolutionConfigurationPlatforms) = preSolution
		Debug|Any CPU = Debug|Any CPU
		Release|Any CPU = Release|Any CPU
	EndGlobalSection
	GlobalSection(ProjectConfigurationPlatforms) = postSolution
		{91A1DAB7-F57D-490A-83CA-D326A9B1E9F6}.Debug|Any CPU.ActiveCfg = Debug|Any CPU
		{91A1DAB7-F57D-490A-83CA-D326A9B1E9F6}.Debug|Any CPU.Build.0 = Debug|Any CPU
		{91A1DAB7-F57D-490A-83CA-D326A9B1E9F6}.Release|Any CPU.ActiveCfg = Release|Any CPU
		{91A1DAB7-F57D-490A-83CA-D326A9B1E9F6}.Release|Any CPU.Build.0 = Release|Any CPU
	EndGlobalSection
	GlobalSection(SolutionProperties) = preSolution
		HideSolutionNode = FALSE
	EndGlobalSection
	GlobalSection(ExtensibilityGlobals) = postSolution
		SolutionGuid = {70A87189-2488-4C2F-851B-BDB11BE2F7B5}
	EndGlobalSection
EndGlobal
