
Microsoft Visual Studio Solution File, Format Version 12.00
# Visual Studio Version 17
VisualStudioVersion = 17.9.34902.65
MinimumVisualStudioVersion = 10.0.40219.1
Project("{FAE04EC0-301F-11D3-BF4B-00C04F79EFBC}") = "tst", "tst\tst.csproj", "{8501A5BB-D218-42DE-ADD9-C2A70FC4B57D}"
EndProject
Global
	GlobalSection(SolutionConfigurationPlatforms) = preSolution
		Debug|Any CPU = Debug|Any CPU
		Release|Any CPU = Release|Any CPU
	EndGlobalSection
	GlobalSection(ProjectConfigurationPlatforms) = postSolution
		{8501A5BB-D218-42DE-ADD9-C2A70FC4B57D}.Debug|Any CPU.ActiveCfg = Debug|Any CPU
		{8501A5BB-D218-42DE-ADD9-C2A70FC4B57D}.Debug|Any CPU.Build.0 = Debug|Any CPU
		{8501A5BB-D218-42DE-ADD9-C2A70FC4B57D}.Release|Any CPU.ActiveCfg = Release|Any CPU
		{8501A5BB-D218-42DE-ADD9-C2A70FC4B57D}.Release|Any CPU.Build.0 = Release|Any CPU
	EndGlobalSection
	GlobalSection(SolutionProperties) = preSolution
		HideSolutionNode = FALSE
	EndGlobalSection
	GlobalSection(ExtensibilityGlobals) = postSolution
		SolutionGuid = {CAA17E84-2E43-4A64-ABAE-569A2CA4FE26}
	EndGlobalSection
EndGlobal
