
Microsoft Visual Studio Solution File, Format Version 12.00
# Visual Studio Version 17
VisualStudioVersion = 17.13.35828.75 d17.13
MinimumVisualStudioVersion = 10.0.40219.1
Project("{FAE04EC0-301F-11D3-BF4B-00C04F79EFBC}") = "Paint", "Paint\Paint.csproj", "{FA4B396C-E5AD-40CD-9632-5A346F5B32B3}"
EndProject
Global
	GlobalSection(SolutionConfigurationPlatforms) = preSolution
		Debug|Any CPU = Debug|Any CPU
		Release|Any CPU = Release|Any CPU
	EndGlobalSection
	GlobalSection(ProjectConfigurationPlatforms) = postSolution
		{FA4B396C-E5AD-40CD-9632-5A346F5B32B3}.Debug|Any CPU.ActiveCfg = Debug|Any CPU
		{FA4B396C-E5AD-40CD-9632-5A346F5B32B3}.Debug|Any CPU.Build.0 = Debug|Any CPU
		{FA4B396C-E5AD-40CD-9632-5A346F5B32B3}.Release|Any CPU.ActiveCfg = Release|Any CPU
		{FA4B396C-E5AD-40CD-9632-5A346F5B32B3}.Release|Any CPU.Build.0 = Release|Any CPU
	EndGlobalSection
	GlobalSection(SolutionProperties) = preSolution
		HideSolutionNode = FALSE
	EndGlobalSection
	GlobalSection(ExtensibilityGlobals) = postSolution
		SolutionGuid = {1B4160C9-64F6-43AC-8BD4-6D9A54D9FA24}
	EndGlobalSection
EndGlobal
